
Microsoft Visual Studio Solution File, Format Version 12.00
# Visual Studio 15
VisualStudioVersion = 15.0.28010.2050
MinimumVisualStudioVersion = 10.0.40219.1
Project("{FAE04EC0-301F-11D3-BF4B-00C04F79EFBC}") = "SerialConsoleApp", "SerialConsoleApp\SerialConsoleApp.csproj", "{E56BF588-12DB-46BB-9F04-40C2617EBB14}"
EndProject
Global
	GlobalSection(SolutionConfigurationPlatforms) = preSolution
		Debug|Any CPU = Debug|Any CPU
		Release|Any CPU = Release|Any CPU
	EndGlobalSection
	GlobalSection(ProjectConfigurationPlatforms) = postSolution
		{E56BF588-12DB-46BB-9F04-40C2617EBB14}.Debug|Any CPU.ActiveCfg = Debug|Any CPU
		{E56BF588-12DB-46BB-9F04-40C2617EBB14}.Debug|Any CPU.Build.0 = Debug|Any CPU
		{E56BF588-12DB-46BB-9F04-40C2617EBB14}.Release|Any CPU.ActiveCfg = Release|Any CPU
		{E56BF588-12DB-46BB-9F04-40C2617EBB14}.Release|Any CPU.Build.0 = Release|Any CPU
	EndGlobalSection
	GlobalSection(SolutionProperties) = preSolution
		HideSolutionNode = FALSE
	EndGlobalSection
	GlobalSection(ExtensibilityGlobals) = postSolution
		SolutionGuid = {F30F7E27-41A4-408C-A972-3FE357CB9FC3}
	EndGlobalSection
EndGlobal
